
Microsoft Visual Studio Solution File, Format Version 12.00
# Visual Studio 15
VisualStudioVersion = 15.0.26228.9
MinimumVisualStudioVersion = 10.0.40219.1
Project("{2150E333-8FDC-42A3-9474-1A3956D46DE8}") = "1_HTML", "1_HTML", "{4C452D51-177D-49A4-A060-AC8EC5338A6C}"
	ProjectSection(SolutionItems) = preProject
		0.01_helloworld.html = 0.01_helloworld.html
		0.02_handp_tags.html = 0.02_handp_tags.html
		0.03_lists.html = 0.03_lists.html
		0.04_links.html = 0.04_links.html
		0.05_images.html = 0.05_images.html
		0.06_tables.html = 0.06_tables.html
		0.07_divs.html = 0.07_divs.html
		0.08_input.html = 0.08_input.html
		0.09_forms.html = 0.09_forms.html
		0.10_sections.html = 0.10_sections.html
		0.11_articles_and_headers.html = 0.11_articles_and_headers.html
		0.12_footer.html = 0.12_footer.html
		0.13_figures.html = 0.13_figures.html
		0.14_nav.html = 0.14_nav.html
		0.15_aside.html = 0.15_aside.html
		0.16_iframe.html = 0.16_iframe.html
		Full Page.html = Full Page.html
	EndProjectSection
EndProject
Project("{2150E333-8FDC-42A3-9474-1A3956D46DE8}") = "IMG", "IMG", "{D86D0C64-68BD-4F5B-8C37-8C6E5EC95E0A}"
	ProjectSection(SolutionItems) = preProject
		Godzilla.jpg = Godzilla.jpg
	EndProjectSection
EndProject
Global
	GlobalSection(SolutionProperties) = preSolution
		HideSolutionNode = FALSE
	EndGlobalSection
	GlobalSection(NestedProjects) = preSolution
		{D86D0C64-68BD-4F5B-8C37-8C6E5EC95E0A} = {4C452D51-177D-49A4-A060-AC8EC5338A6C}
	EndGlobalSection
EndGlobal
